// !$*UTF8*$!
{
	archiveVersion = 1;
	classes = {
	};
	objectVersion = 55;
	objects = {

/* Begin PBXBuildFile section */
		3B37CFA22810F0E2000FA627 /* SquareTakeHomeAppApp.swift in Sources */ = {isa = PBXBuildFile; fileRef = 3B37CFA12810F0E2000FA627 /* SquareTakeHomeAppApp.swift */; };
		3B37CFA62810F0E3000FA627 /* Assets.xcassets in Resources */ = {isa = PBXBuildFile; fileRef = 3B37CFA52810F0E3000FA627 /* Assets.xcassets */; };
		3B37CFA92810F0E3000FA627 /* Preview Assets.xcassets in Resources */ = {isa = PBXBuildFile; fileRef = 3B37CFA82810F0E3000FA627 /* Preview Assets.xcassets */; };
		3B37CFB32810F33D000FA627 /* Employee.swift in Sources */ = {isa = PBXBuildFile; fileRef = 3B37CFB22810F33D000FA627 /* Employee.swift */; };
		3B37CFB52810F54E000FA627 /* EmployeeListView.swift in Sources */ = {isa = PBXBuildFile; fileRef = 3B37CFB42810F54E000FA627 /* EmployeeListView.swift */; };
		3B37CFB72810F562000FA627 /* EmployeeListViewModel.swift in Sources */ = {isa = PBXBuildFile; fileRef = 3B37CFB62810F562000FA627 /* EmployeeListViewModel.swift */; };
		3B37CFBB2810F5E9000FA627 /* Alamofire in Frameworks */ = {isa = PBXBuildFile; productRef = 3B37CFBA2810F5E9000FA627 /* Alamofire */; };
		3B37CFBD2810F7E8000FA627 /* APISession.swift in Sources */ = {isa = PBXBuildFile; fileRef = 3B37CFBC2810F7E8000FA627 /* APISession.swift */; };
		3B37CFBF2810F828000FA627 /* APIService.swift in Sources */ = {isa = PBXBuildFile; fileRef = 3B37CFBE2810F828000FA627 /* APIService.swift */; };
		3B37CFC12810FCE2000FA627 /* EmployeeService.swift in Sources */ = {isa = PBXBuildFile; fileRef = 3B37CFC02810FCE2000FA627 /* EmployeeService.swift */; };
		3B37CFC32811072F000FA627 /* EmployeeRowView.swift in Sources */ = {isa = PBXBuildFile; fileRef = 3B37CFC22811072F000FA627 /* EmployeeRowView.swift */; };
		3B37CFC628111D4D000FA627 /* Kingfisher in Frameworks */ = {isa = PBXBuildFile; productRef = 3B37CFC528111D4D000FA627 /* Kingfisher */; };
		3B37CFC828112155000FA627 /* EmployeeListHeaderView.swift in Sources */ = {isa = PBXBuildFile; fileRef = 3B37CFC728112155000FA627 /* EmployeeListHeaderView.swift */; };
		3B37CFCA2811302A000FA627 /* EmptyStateView.swift in Sources */ = {isa = PBXBuildFile; fileRef = 3B37CFC92811302A000FA627 /* EmptyStateView.swift */; };
		3B37CFCC28113FC1000FA627 /* ErrorStateView.swift in Sources */ = {isa = PBXBuildFile; fileRef = 3B37CFCB28113FC1000FA627 /* ErrorStateView.swift */; };
		3B37CFCE281147AE000FA627 /* README.md in Resources */ = {isa = PBXBuildFile; fileRef = 3B37CFCD281147AE000FA627 /* README.md */; };
		3B37CFDC2811A885000FA627 /* SquareTakeHomeAppTests.swift in Sources */ = {isa = PBXBuildFile; fileRef = 3B37CFDB2811A885000FA627 /* SquareTakeHomeAppTests.swift */; };
		3B37CFE32811AF52000FA627 /* EmployeeProvider.swift in Sources */ = {isa = PBXBuildFile; fileRef = 3B37CFE22811AF52000FA627 /* EmployeeProvider.swift */; };
/* End PBXBuildFile section */

/* Begin PBXContainerItemProxy section */
		3B37CFDD2811A885000FA627 /* PBXContainerItemProxy */ = {
			isa = PBXContainerItemProxy;
			containerPortal = 3B37CF962810F0E2000FA627 /* Project object */;
			proxyType = 1;
			remoteGlobalIDString = 3B37CF9D2810F0E2000FA627;
			remoteInfo = SquareTakeHomeApp;
		};
/* End PBXContainerItemProxy section */

/* Begin PBXFileReference section */
		3B37CF9E2810F0E2000FA627 /* SquareTakeHomeApp.app */ = {isa = PBXFileReference; explicitFileType = wrapper.application; includeInIndex = 0; path = SquareTakeHomeApp.app; sourceTree = BUILT_PRODUCTS_DIR; };
		3B37CFA12810F0E2000FA627 /* SquareTakeHomeAppApp.swift */ = {isa = PBXFileReference; lastKnownFileType = sourcecode.swift; path = SquareTakeHomeAppApp.swift; sourceTree = "<group>"; };
		3B37CFA52810F0E3000FA627 /* Assets.xcassets */ = {isa = PBXFileReference; lastKnownFileType = folder.assetcatalog; path = Assets.xcassets; sourceTree = "<group>"; };
		3B37CFA82810F0E3000FA627 /* Preview Assets.xcassets */ = {isa = PBXFileReference; lastKnownFileType = folder.assetcatalog; path = "Preview Assets.xcassets"; sourceTree = "<group>"; };
		3B37CFB22810F33D000FA627 /* Employee.swift */ = {isa = PBXFileReference; lastKnownFileType = sourcecode.swift; path = Employee.swift; sourceTree = "<group>"; };
		3B37CFB42810F54E000FA627 /* EmployeeListView.swift */ = {isa = PBXFileReference; lastKnownFileType = sourcecode.swift; path = EmployeeListView.swift; sourceTree = "<group>"; };
		3B37CFB62810F562000FA627 /* EmployeeListViewModel.swift */ = {isa = PBXFileReference; lastKnownFileType = sourcecode.swift; path = EmployeeListViewModel.swift; sourceTree = "<group>"; };
		3B37CFBC2810F7E8000FA627 /* APISession.swift */ = {isa = PBXFileReference; lastKnownFileType = sourcecode.swift; path = APISession.swift; sourceTree = "<group>"; };
		3B37CFBE2810F828000FA627 /* APIService.swift */ = {isa = PBXFileReference; lastKnownFileType = sourcecode.swift; path = APIService.swift; sourceTree = "<group>"; };
		3B37CFC02810FCE2000FA627 /* EmployeeService.swift */ = {isa = PBXFileReference; lastKnownFileType = sourcecode.swift; path = EmployeeService.swift; sourceTree = "<group>"; };
		3B37CFC22811072F000FA627 /* EmployeeRowView.swift */ = {isa = PBXFileReference; lastKnownFileType = sourcecode.swift; path = EmployeeRowView.swift; sourceTree = "<group>"; };
		3B37CFC728112155000FA627 /* EmployeeListHeaderView.swift */ = {isa = PBXFileReference; lastKnownFileType = sourcecode.swift; path = EmployeeListHeaderView.swift; sourceTree = "<group>"; };
		3B37CFC92811302A000FA627 /* EmptyStateView.swift */ = {isa = PBXFileReference; lastKnownFileType = sourcecode.swift; path = EmptyStateView.swift; sourceTree = "<group>"; };
		3B37CFCB28113FC1000FA627 /* ErrorStateView.swift */ = {isa = PBXFileReference; lastKnownFileType = sourcecode.swift; path = ErrorStateView.swift; sourceTree = "<group>"; };
		3B37CFCD281147AE000FA627 /* README.md */ = {isa = PBXFileReference; lastKnownFileType = net.daringfireball.markdown; path = README.md; sourceTree = "<group>"; };
		3B37CFD92811A885000FA627 /* SquareTakeHomeAppTests.xctest */ = {isa = PBXFileReference; explicitFileType = wrapper.cfbundle; includeInIndex = 0; path = SquareTakeHomeAppTests.xctest; sourceTree = BUILT_PRODUCTS_DIR; };
		3B37CFDB2811A885000FA627 /* SquareTakeHomeAppTests.swift */ = {isa = PBXFileReference; lastKnownFileType = sourcecode.swift; path = SquareTakeHomeAppTests.swift; sourceTree = "<group>"; };
		3B37CFE22811AF52000FA627 /* EmployeeProvider.swift */ = {isa = PBXFileReference; lastKnownFileType = sourcecode.swift; path = EmployeeProvider.swift; sourceTree = "<group>"; };
/* End PBXFileReference section */

/* Begin PBXFrameworksBuildPhase section */
		3B37CF9B2810F0E2000FA627 /* Frameworks */ = {
			isa = PBXFrameworksBuildPhase;
			buildActionMask = 2147483647;
			files = (
				3B37CFC628111D4D000FA627 /* Kingfisher in Frameworks */,
				3B37CFBB2810F5E9000FA627 /* Alamofire in Frameworks */,
			);
			runOnlyForDeploymentPostprocessing = 0;
		};
		3B37CFD62811A885000FA627 /* Frameworks */ = {
			isa = PBXFrameworksBuildPhase;
			buildActionMask = 2147483647;
			files = (
			);
			runOnlyForDeploymentPostprocessing = 0;
		};
/* End PBXFrameworksBuildPhase section */

/* Begin PBXGroup section */
		3B37CF952810F0E2000FA627 = {
			isa = PBXGroup;
			children = (
				3B37CFCD281147AE000FA627 /* README.md */,
				3B37CFA02810F0E2000FA627 /* SquareTakeHomeApp */,
				3B37CFDA2811A885000FA627 /* SquareTakeHomeAppTests */,
				3B37CF9F2810F0E2000FA627 /* Products */,
			);
			sourceTree = "<group>";
		};
		3B37CF9F2810F0E2000FA627 /* Products */ = {
			isa = PBXGroup;
			children = (
				3B37CF9E2810F0E2000FA627 /* SquareTakeHomeApp.app */,
				3B37CFD92811A885000FA627 /* SquareTakeHomeAppTests.xctest */,
			);
			name = Products;
			sourceTree = "<group>";
		};
		3B37CFA02810F0E2000FA627 /* SquareTakeHomeApp */ = {
			isa = PBXGroup;
			children = (
				3B37CFCF28119EAB000FA627 /* Testing */,
				3B37CFB82810F58F000FA627 /* Networking */,
				3B37CFB12810F135000FA627 /* Model */,
				3B37CFB02810F12E000FA627 /* View */,
				3B37CFAF2810F11F000FA627 /* ViewModel */,
				3B37CFA12810F0E2000FA627 /* SquareTakeHomeAppApp.swift */,
				3B37CFA52810F0E3000FA627 /* Assets.xcassets */,
				3B37CFA72810F0E3000FA627 /* Preview Content */,
			);
			path = SquareTakeHomeApp;
			sourceTree = "<group>";
		};
		3B37CFA72810F0E3000FA627 /* Preview Content */ = {
			isa = PBXGroup;
			children = (
				3B37CFA82810F0E3000FA627 /* Preview Assets.xcassets */,
			);
			path = "Preview Content";
			sourceTree = "<group>";
		};
		3B37CFAF2810F11F000FA627 /* ViewModel */ = {
			isa = PBXGroup;
			children = (
				3B37CFE22811AF52000FA627 /* EmployeeProvider.swift */,
				3B37CFB62810F562000FA627 /* EmployeeListViewModel.swift */,
			);
			path = ViewModel;
			sourceTree = "<group>";
		};
		3B37CFB02810F12E000FA627 /* View */ = {
			isa = PBXGroup;
			children = (
				3B37CFB42810F54E000FA627 /* EmployeeListView.swift */,
				3B37CFC22811072F000FA627 /* EmployeeRowView.swift */,
				3B37CFC728112155000FA627 /* EmployeeListHeaderView.swift */,
				3B37CFC92811302A000FA627 /* EmptyStateView.swift */,
				3B37CFCB28113FC1000FA627 /* ErrorStateView.swift */,
			);
			path = View;
			sourceTree = "<group>";
		};
		3B37CFB12810F135000FA627 /* Model */ = {
			isa = PBXGroup;
			children = (
				3B37CFB22810F33D000FA627 /* Employee.swift */,
			);
			path = Model;
			sourceTree = "<group>";
		};
		3B37CFB82810F58F000FA627 /* Networking */ = {
			isa = PBXGroup;
			children = (
				3B37CFBC2810F7E8000FA627 /* APISession.swift */,
				3B37CFBE2810F828000FA627 /* APIService.swift */,
				3B37CFC02810FCE2000FA627 /* EmployeeService.swift */,
			);
			path = Networking;
			sourceTree = "<group>";
		};
		3B37CFCF28119EAB000FA627 /* Testing */ = {
			isa = PBXGroup;
			children = (
			);
			path = Testing;
			sourceTree = "<group>";
		};
		3B37CFDA2811A885000FA627 /* SquareTakeHomeAppTests */ = {
			isa = PBXGroup;
			children = (
				3B37CFDB2811A885000FA627 /* SquareTakeHomeAppTests.swift */,
			);
			path = SquareTakeHomeAppTests;
			sourceTree = "<group>";
		};
/* End PBXGroup section */

/* Begin PBXNativeTarget section */
		3B37CF9D2810F0E2000FA627 /* SquareTakeHomeApp */ = {
			isa = PBXNativeTarget;
			buildConfigurationList = 3B37CFAC2810F0E3000FA627 /* Build configuration list for PBXNativeTarget "SquareTakeHomeApp" */;
			buildPhases = (
				3B37CF9A2810F0E2000FA627 /* Sources */,
				3B37CF9B2810F0E2000FA627 /* Frameworks */,
				3B37CF9C2810F0E2000FA627 /* Resources */,
			);
			buildRules = (
			);
			dependencies = (
			);
			name = SquareTakeHomeApp;
			packageProductDependencies = (
				3B37CFBA2810F5E9000FA627 /* Alamofire */,
				3B37CFC528111D4D000FA627 /* Kingfisher */,
			);
			productName = SquareTakeHomeApp;
			productReference = 3B37CF9E2810F0E2000FA627 /* SquareTakeHomeApp.app */;
			productType = "com.apple.product-type.application";
		};
		3B37CFD82811A885000FA627 /* SquareTakeHomeAppTests */ = {
			isa = PBXNativeTarget;
			buildConfigurationList = 3B37CFDF2811A885000FA627 /* Build configuration list for PBXNativeTarget "SquareTakeHomeAppTests" */;
			buildPhases = (
				3B37CFD52811A885000FA627 /* Sources */,
				3B37CFD62811A885000FA627 /* Frameworks */,
				3B37CFD72811A885000FA627 /* Resources */,
			);
			buildRules = (
			);
			dependencies = (
				3B37CFDE2811A885000FA627 /* PBXTargetDependency */,
			);
			name = SquareTakeHomeAppTests;
			productName = SquareTakeHomeAppTests;
			productReference = 3B37CFD92811A885000FA627 /* SquareTakeHomeAppTests.xctest */;
			productType = "com.apple.product-type.bundle.unit-test";
		};
/* End PBXNativeTarget section */

/* Begin PBXProject section */
		3B37CF962810F0E2000FA627 /* Project object */ = {
			isa = PBXProject;
			attributes = {
				BuildIndependentTargetsInParallel = 1;
				LastSwiftUpdateCheck = 1330;
				LastUpgradeCheck = 1330;
				TargetAttributes = {
					3B37CF9D2810F0E2000FA627 = {
						CreatedOnToolsVersion = 13.3.1;
					};
					3B37CFD82811A885000FA627 = {
						CreatedOnToolsVersion = 13.3.1;
						TestTargetID = 3B37CF9D2810F0E2000FA627;
					};
				};
			};
			buildConfigurationList = 3B37CF992810F0E2000FA627 /* Build configuration list for PBXProject "SquareTakeHomeApp" */;
			compatibilityVersion = "Xcode 13.0";
			developmentRegion = en;
			hasScannedForEncodings = 0;
			knownRegions = (
				en,
				Base,
			);
			mainGroup = 3B37CF952810F0E2000FA627;
			packageReferences = (
				3B37CFB92810F5E9000FA627 /* XCRemoteSwiftPackageReference "Alamofire" */,
				3B37CFC428111D4D000FA627 /* XCRemoteSwiftPackageReference "Kingfisher" */,
			);
			productRefGroup = 3B37CF9F2810F0E2000FA627 /* Products */;
			projectDirPath = "";
			projectRoot = "";
			targets = (
				3B37CF9D2810F0E2000FA627 /* SquareTakeHomeApp */,
				3B37CFD82811A885000FA627 /* SquareTakeHomeAppTests */,
			);
		};
/* End PBXProject section */

/* Begin PBXResourcesBuildPhase section */
		3B37CF9C2810F0E2000FA627 /* Resources */ = {
			isa = PBXResourcesBuildPhase;
			buildActionMask = 2147483647;
			files = (
				3B37CFCE281147AE000FA627 /* README.md in Resources */,
				3B37CFA92810F0E3000FA627 /* Preview Assets.xcassets in Resources */,
				3B37CFA62810F0E3000FA627 /* Assets.xcassets in Resources */,
			);
			runOnlyForDeploymentPostprocessing = 0;
		};
		3B37CFD72811A885000FA627 /* Resources */ = {
			isa = PBXResourcesBuildPhase;
			buildActionMask = 2147483647;
			files = (
			);
			runOnlyForDeploymentPostprocessing = 0;
		};
/* End PBXResourcesBuildPhase section */

/* Begin PBXSourcesBuildPhase section */
		3B37CF9A2810F0E2000FA627 /* Sources */ = {
			isa = PBXSourcesBuildPhase;
			buildActionMask = 2147483647;
			files = (
				3B37CFC32811072F000FA627 /* EmployeeRowView.swift in Sources */,
				3B37CFB52810F54E000FA627 /* EmployeeListView.swift in Sources */,
				3B37CFC12810FCE2000FA627 /* EmployeeService.swift in Sources */,
				3B37CFC828112155000FA627 /* EmployeeListHeaderView.swift in Sources */,
				3B37CFE32811AF52000FA627 /* EmployeeProvider.swift in Sources */,
				3B37CFBF2810F828000FA627 /* APIService.swift in Sources */,
				3B37CFB72810F562000FA627 /* EmployeeListViewModel.swift in Sources */,
				3B37CFB32810F33D000FA627 /* Employee.swift in Sources */,
				3B37CFA22810F0E2000FA627 /* SquareTakeHomeAppApp.swift in Sources */,
				3B37CFCC28113FC1000FA627 /* ErrorStateView.swift in Sources */,
				3B37CFBD2810F7E8000FA627 /* APISession.swift in Sources */,
				3B37CFCA2811302A000FA627 /* EmptyStateView.swift in Sources */,
			);
			runOnlyForDeploymentPostprocessing = 0;
		};
		3B37CFD52811A885000FA627 /* Sources */ = {
			isa = PBXSourcesBuildPhase;
			buildActionMask = 2147483647;
			files = (
				3B37CFDC2811A885000FA627 /* SquareTakeHomeAppTests.swift in Sources */,
			);
			runOnlyForDeploymentPostprocessing = 0;
		};
/* End PBXSourcesBuildPhase section */

/* Begin PBXTargetDependency section */
		3B37CFDE2811A885000FA627 /* PBXTargetDependency */ = {
			isa = PBXTargetDependency;
			target = 3B37CF9D2810F0E2000FA627 /* SquareTakeHomeApp */;
			targetProxy = 3B37CFDD2811A885000FA627 /* PBXContainerItemProxy */;
		};
/* End PBXTargetDependency section */

/* Begin XCBuildConfiguration section */
		3B37CFAA2810F0E3000FA627 /* Debug */ = {
			isa = XCBuildConfiguration;
			buildSettings = {
				ALWAYS_SEARCH_USER_PATHS = NO;
				CLANG_ANALYZER_NONNULL = YES;
				CLANG_ANALYZER_NUMBER_OBJECT_CONVERSION = YES_AGGRESSIVE;
				CLANG_CXX_LANGUAGE_STANDARD = "gnu++17";
				CLANG_ENABLE_MODULES = YES;
				CLANG_ENABLE_OBJC_ARC = YES;
				CLANG_ENABLE_OBJC_WEAK = YES;
				CLANG_WARN_BLOCK_CAPTURE_AUTORELEASING = YES;
				CLANG_WARN_BOOL_CONVERSION = YES;
				CLANG_WARN_COMMA = YES;
				CLANG_WARN_CONSTANT_CONVERSION = YES;
				CLANG_WARN_DEPRECATED_OBJC_IMPLEMENTATIONS = YES;
				CLANG_WARN_DIRECT_OBJC_ISA_USAGE = YES_ERROR;
				CLANG_WARN_DOCUMENTATION_COMMENTS = YES;
				CLANG_WARN_EMPTY_BODY = YES;
				CLANG_WARN_ENUM_CONVERSION = YES;
				CLANG_WARN_INFINITE_RECURSION = YES;
				CLANG_WARN_INT_CONVERSION = YES;
				CLANG_WARN_NON_LITERAL_NULL_CONVERSION = YES;
				CLANG_WARN_OBJC_IMPLICIT_RETAIN_SELF = YES;
				CLANG_WARN_OBJC_LITERAL_CONVERSION = YES;
				CLANG_WARN_OBJC_ROOT_CLASS = YES_ERROR;
				CLANG_WARN_QUOTED_INCLUDE_IN_FRAMEWORK_HEADER = YES;
				CLANG_WARN_RANGE_LOOP_ANALYSIS = YES;
				CLANG_WARN_STRICT_PROTOTYPES = YES;
				CLANG_WARN_SUSPICIOUS_MOVE = YES;
				CLANG_WARN_UNGUARDED_AVAILABILITY = YES_AGGRESSIVE;
				CLANG_WARN_UNREACHABLE_CODE = YES;
				CLANG_WARN__DUPLICATE_METHOD_MATCH = YES;
				COPY_PHASE_STRIP = NO;
				DEBUG_INFORMATION_FORMAT = dwarf;
				ENABLE_STRICT_OBJC_MSGSEND = YES;
				ENABLE_TESTABILITY = YES;
				GCC_C_LANGUAGE_STANDARD = gnu11;
				GCC_DYNAMIC_NO_PIC = NO;
				GCC_NO_COMMON_BLOCKS = YES;
				GCC_OPTIMIZATION_LEVEL = 0;
				GCC_PREPROCESSOR_DEFINITIONS = (
					"DEBUG=1",
					"$(inherited)",
				);
				GCC_WARN_64_TO_32_BIT_CONVERSION = YES;
				GCC_WARN_ABOUT_RETURN_TYPE = YES_ERROR;
				GCC_WARN_UNDECLARED_SELECTOR = YES;
				GCC_WARN_UNINITIALIZED_AUTOS = YES_AGGRESSIVE;
				GCC_WARN_UNUSED_FUNCTION = YES;
				GCC_WARN_UNUSED_VARIABLE = YES;
				IPHONEOS_DEPLOYMENT_TARGET = 15.4;
				MTL_ENABLE_DEBUG_INFO = INCLUDE_SOURCE;
				MTL_FAST_MATH = YES;
				ONLY_ACTIVE_ARCH = YES;
				SDKROOT = iphoneos;
				SWIFT_ACTIVE_COMPILATION_CONDITIONS = DEBUG;
				SWIFT_OPTIMIZATION_LEVEL = "-Onone";
			};
			name = Debug;
		};
		3B37CFAB2810F0E3000FA627 /* Release */ = {
			isa = XCBuildConfiguration;
			buildSettings = {
				ALWAYS_SEARCH_USER_PATHS = NO;
				CLANG_ANALYZER_NONNULL = YES;
				CLANG_ANALYZER_NUMBER_OBJECT_CONVERSION = YES_AGGRESSIVE;
				CLANG_CXX_LANGUAGE_STANDARD = "gnu++17";
				CLANG_ENABLE_MODULES = YES;
				CLANG_ENABLE_OBJC_ARC = YES;
				CLANG_ENABLE_OBJC_WEAK = YES;
				CLANG_WARN_BLOCK_CAPTURE_AUTORELEASING = YES;
				CLANG_WARN_BOOL_CONVERSION = YES;
				CLANG_WARN_COMMA = YES;
				CLANG_WARN_CONSTANT_CONVERSION = YES;
				CLANG_WARN_DEPRECATED_OBJC_IMPLEMENTATIONS = YES;
				CLANG_WARN_DIRECT_OBJC_ISA_USAGE = YES_ERROR;
				CLANG_WARN_DOCUMENTATION_COMMENTS = YES;
				CLANG_WARN_EMPTY_BODY = YES;
				CLANG_WARN_ENUM_CONVERSION = YES;
				CLANG_WARN_INFINITE_RECURSION = YES;
				CLANG_WARN_INT_CONVERSION = YES;
				CLANG_WARN_NON_LITERAL_NULL_CONVERSION = YES;
				CLANG_WARN_OBJC_IMPLICIT_RETAIN_SELF = YES;
				CLANG_WARN_OBJC_LITERAL_CONVERSION = YES;
				CLANG_WARN_OBJC_ROOT_CLASS = YES_ERROR;
				CLANG_WARN_QUOTED_INCLUDE_IN_FRAMEWORK_HEADER = YES;
				CLANG_WARN_RANGE_LOOP_ANALYSIS = YES;
				CLANG_WARN_STRICT_PROTOTYPES = YES;
				CLANG_WARN_SUSPICIOUS_MOVE = YES;
				CLANG_WARN_UNGUARDED_AVAILABILITY = YES_AGGRESSIVE;
				CLANG_WARN_UNREACHABLE_CODE = YES;
				CLANG_WARN__DUPLICATE_METHOD_MATCH = YES;
				COPY_PHASE_STRIP = NO;
				DEBUG_INFORMATION_FORMAT = "dwarf-with-dsym";
				ENABLE_NS_ASSERTIONS = NO;
				ENABLE_STRICT_OBJC_MSGSEND = YES;
				GCC_C_LANGUAGE_STANDARD = gnu11;
				GCC_NO_COMMON_BLOCKS = YES;
				GCC_WARN_64_TO_32_BIT_CONVERSION = YES;
				GCC_WARN_ABOUT_RETURN_TYPE = YES_ERROR;
				GCC_WARN_UNDECLARED_SELECTOR = YES;
				GCC_WARN_UNINITIALIZED_AUTOS = YES_AGGRESSIVE;
				GCC_WARN_UNUSED_FUNCTION = YES;
				GCC_WARN_UNUSED_VARIABLE = YES;
				IPHONEOS_DEPLOYMENT_TARGET = 15.4;
				MTL_ENABLE_DEBUG_INFO = NO;
				MTL_FAST_MATH = YES;
				SDKROOT = iphoneos;
				SWIFT_COMPILATION_MODE = wholemodule;
				SWIFT_OPTIMIZATION_LEVEL = "-O";
				VALIDATE_PRODUCT = YES;
			};
			name = Release;
		};
		3B37CFAD2810F0E3000FA627 /* Debug */ = {
			isa = XCBuildConfiguration;
			buildSettings = {
				ASSETCATALOG_COMPILER_APPICON_NAME = AppIcon;
				ASSETCATALOG_COMPILER_GLOBAL_ACCENT_COLOR_NAME = AccentColor;
				CODE_SIGN_STYLE = Automatic;
				CURRENT_PROJECT_VERSION = 1;
				DEVELOPMENT_ASSET_PATHS = "\"SquareTakeHomeApp/Preview Content\"";
				DEVELOPMENT_TEAM = 4D9Z74XGM7;
				ENABLE_PREVIEWS = YES;
				GENERATE_INFOPLIST_FILE = YES;
				INFOPLIST_KEY_UIApplicationSceneManifest_Generation = YES;
				INFOPLIST_KEY_UIApplicationSupportsIndirectInputEvents = YES;
				INFOPLIST_KEY_UILaunchScreen_Generation = YES;
				INFOPLIST_KEY_UISupportedInterfaceOrientations_iPad = "UIInterfaceOrientationPortrait UIInterfaceOrientationPortraitUpsideDown UIInterfaceOrientationLandscapeLeft UIInterfaceOrientationLandscapeRight";
				INFOPLIST_KEY_UISupportedInterfaceOrientations_iPhone = "UIInterfaceOrientationPortrait UIInterfaceOrientationLandscapeLeft UIInterfaceOrientationLandscapeRight";
				LD_RUNPATH_SEARCH_PATHS = (
					"$(inherited)",
					"@executable_path/Frameworks",
				);
				MARKETING_VERSION = 1.0;
				PRODUCT_BUNDLE_IDENTIFIER = com.HCHO.mvvmPractice.SquareTakeHomeApp;
				PRODUCT_NAME = "$(TARGET_NAME)";
				SWIFT_EMIT_LOC_STRINGS = YES;
				SWIFT_VERSION = 5.0;
				TARGETED_DEVICE_FAMILY = "1,2";
			};
			name = Debug;
		};
		3B37CFAE2810F0E3000FA627 /* Release */ = {
			isa = XCBuildConfiguration;
			buildSettings = {
				ASSETCATALOG_COMPILER_APPICON_NAME = AppIcon;
				ASSETCATALOG_COMPILER_GLOBAL_ACCENT_COLOR_NAME = AccentColor;
				CODE_SIGN_STYLE = Automatic;
				CURRENT_PROJECT_VERSION = 1;
				DEVELOPMENT_ASSET_PATHS = "\"SquareTakeHomeApp/Preview Content\"";
				DEVELOPMENT_TEAM = 4D9Z74XGM7;
				ENABLE_PREVIEWS = YES;
				GENERATE_INFOPLIST_FILE = YES;
				INFOPLIST_KEY_UIApplicationSceneManifest_Generation = YES;
				INFOPLIST_KEY_UIApplicationSupportsIndirectInputEvents = YES;
				INFOPLIST_KEY_UILaunchScreen_Generation = YES;
				INFOPLIST_KEY_UISupportedInterfaceOrientations_iPad = "UIInterfaceOrientationPortrait UIInterfaceOrientationPortraitUpsideDown UIInterfaceOrientationLandscapeLeft UIInterfaceOrientationLandscapeRight";
				INFOPLIST_KEY_UISupportedInterfaceOrientations_iPhone = "UIInterfaceOrientationPortrait UIInterfaceOrientationLandscapeLeft UIInterfaceOrientationLandscapeRight";
				LD_RUNPATH_SEARCH_PATHS = (
					"$(inherited)",
					"@executable_path/Frameworks",
				);
				MARKETING_VERSION = 1.0;
				PRODUCT_BUNDLE_IDENTIFIER = com.HCHO.mvvmPractice.SquareTakeHomeApp;
				PRODUCT_NAME = "$(TARGET_NAME)";
				SWIFT_EMIT_LOC_STRINGS = YES;
				SWIFT_VERSION = 5.0;
				TARGETED_DEVICE_FAMILY = "1,2";
			};
			name = Release;
		};
		3B37CFE02811A885000FA627 /* Debug */ = {
			isa = XCBuildConfiguration;
			buildSettings = {
				BUNDLE_LOADER = "$(TEST_HOST)";
				CODE_SIGN_STYLE = Automatic;
				CURRENT_PROJECT_VERSION = 1;
				DEVELOPMENT_TEAM = 4D9Z74XGM7;
				GENERATE_INFOPLIST_FILE = YES;
				MARKETING_VERSION = 1.0;
				PRODUCT_BUNDLE_IDENTIFIER = com.HCHO.mvvmPractice.SquareTakeHomeAppTests;
				PRODUCT_NAME = "$(TARGET_NAME)";
				SWIFT_EMIT_LOC_STRINGS = NO;
				SWIFT_VERSION = 5.0;
				TARGETED_DEVICE_FAMILY = "1,2";
				TEST_HOST = "$(BUILT_PRODUCTS_DIR)/SquareTakeHomeApp.app/SquareTakeHomeApp";
			};
			name = Debug;
		};
		3B37CFE12811A885000FA627 /* Release */ = {
			isa = XCBuildConfiguration;
			buildSettings = {
				BUNDLE_LOADER = "$(TEST_HOST)";
				CODE_SIGN_STYLE = Automatic;
				CURRENT_PROJECT_VERSION = 1;
				DEVELOPMENT_TEAM = 4D9Z74XGM7;
				GENERATE_INFOPLIST_FILE = YES;
				MARKETING_VERSION = 1.0;
				PRODUCT_BUNDLE_IDENTIFIER = com.HCHO.mvvmPractice.SquareTakeHomeAppTests;
				PRODUCT_NAME = "$(TARGET_NAME)";
				SWIFT_EMIT_LOC_STRINGS = NO;
				SWIFT_VERSION = 5.0;
				TARGETED_DEVICE_FAMILY = "1,2";
				TEST_HOST = "$(BUILT_PRODUCTS_DIR)/SquareTakeHomeApp.app/SquareTakeHomeApp";
			};
			name = Release;
		};
/* End XCBuildConfiguration section */

/* Begin XCConfigurationList section */
		3B37CF992810F0E2000FA627 /* Build configuration list for PBXProject "SquareTakeHomeApp" */ = {
			isa = XCConfigurationList;
			buildConfigurations = (
				3B37CFAA2810F0E3000FA627 /* Debug */,
				3B37CFAB2810F0E3000FA627 /* Release */,
			);
			defaultConfigurationIsVisible = 0;
			defaultConfigurationName = Release;
		};
		3B37CFAC2810F0E3000FA627 /* Build configuration list for PBXNativeTarget "SquareTakeHomeApp" */ = {
			isa = XCConfigurationList;
			buildConfigurations = (
				3B37CFAD2810F0E3000FA627 /* Debug */,
				3B37CFAE2810F0E3000FA627 /* Release */,
			);
			defaultConfigurationIsVisible = 0;
			defaultConfigurationName = Release;
		};
		3B37CFDF2811A885000FA627 /* Build configuration list for PBXNativeTarget "SquareTakeHomeAppTests" */ = {
			isa = XCConfigurationList;
			buildConfigurations = (
				3B37CFE02811A885000FA627 /* Debug */,
				3B37CFE12811A885000FA627 /* Release */,
			);
			defaultConfigurationIsVisible = 0;
			defaultConfigurationName = Release;
		};
/* End XCConfigurationList section */

/* Begin XCRemoteSwiftPackageReference section */
		3B37CFB92810F5E9000FA627 /* XCRemoteSwiftPackageReference "Alamofire" */ = {
			isa = XCRemoteSwiftPackageReference;
			repositoryURL = "https://github.com/Alamofire/Alamofire.git";
			requirement = {
				kind = upToNextMajorVersion;
				minimumVersion = 5.0.0;
			};
		};
		3B37CFC428111D4D000FA627 /* XCRemoteSwiftPackageReference "Kingfisher" */ = {
			isa = XCRemoteSwiftPackageReference;
			repositoryURL = "https://github.com/onevcat/Kingfisher.git";
			requirement = {
				kind = upToNextMajorVersion;
				minimumVersion = 7.0.0;
			};
		};
/* End XCRemoteSwiftPackageReference section */

/* Begin XCSwiftPackageProductDependency section */
		3B37CFBA2810F5E9000FA627 /* Alamofire */ = {
			isa = XCSwiftPackageProductDependency;
			package = 3B37CFB92810F5E9000FA627 /* XCRemoteSwiftPackageReference "Alamofire" */;
			productName = Alamofire;
		};
		3B37CFC528111D4D000FA627 /* Kingfisher */ = {
			isa = XCSwiftPackageProductDependency;
			package = 3B37CFC428111D4D000FA627 /* XCRemoteSwiftPackageReference "Kingfisher" */;
			productName = Kingfisher;
		};
/* End XCSwiftPackageProductDependency section */
	};
	rootObject = 3B37CF962810F0E2000FA627 /* Project object */;
}
